// !$*UTF8*$!
{
	archiveVersion = 1;
	classes = {
	};
	objectVersion = 46;
	objects = {

/* Begin PBXBuildFile section */
		AEE540C41C6E73DA00795C93 /* AppDelegate.swift in Sources */ = {isa = PBXBuildFile; fileRef = AEE540C31C6E73DA00795C93 /* AppDelegate.swift */; };
		AEE540C61C6E73DA00795C93 /* ViewController.swift in Sources */ = {isa = PBXBuildFile; fileRef = AEE540C51C6E73DA00795C93 /* ViewController.swift */; };
		AEE540C91C6E73DA00795C93 /* Main.storyboard in Resources */ = {isa = PBXBuildFile; fileRef = AEE540C71C6E73DA00795C93 /* Main.storyboard */; };
		AEE540CB1C6E73DA00795C93 /* Assets.xcassets in Resources */ = {isa = PBXBuildFile; fileRef = AEE540CA1C6E73DA00795C93 /* Assets.xcassets */; };
		AEE540CE1C6E73DA00795C93 /* LaunchScreen.storyboard in Resources */ = {isa = PBXBuildFile; fileRef = AEE540CC1C6E73DA00795C93 /* LaunchScreen.storyboard */; };
/* End PBXBuildFile section */

/* Begin PBXFileReference section */
		AEE540C01C6E73DA00795C93 /* guessNumber.app */ = {isa = PBXFileReference; explicitFileType = wrapper.application; includeInIndex = 0; path = guessNumber.app; sourceTree = BUILT_PRODUCTS_DIR; };
		AEE540C31C6E73DA00795C93 /* AppDelegate.swift */ = {isa = PBXFileReference; lastKnownFileType = sourcecode.swift; path = AppDelegate.swift; sourceTree = "<group>"; };
		AEE540C51C6E73DA00795C93 /* ViewController.swift */ = {isa = PBXFileReference; lastKnownFileType = sourcecode.swift; path = ViewController.swift; sourceTree = "<group>"; };
		AEE540C81C6E73DA00795C93 /* Base */ = {isa = PBXFileReference; lastKnownFileType = file.storyboard; name = Base; path = Base.lproj/Main.storyboard; sourceTree = "<group>"; };
		AEE540CA1C6E73DA00795C93 /* Assets.xcassets */ = {isa = PBXFileReference; lastKnownFileType = folder.assetcatalog; path = Assets.xcassets; sourceTree = "<group>"; };
		AEE540CD1C6E73DA00795C93 /* Base */ = {isa = PBXFileReference; lastKnownFileType = file.storyboard; name = Base; path = Base.lproj/LaunchScreen.storyboard; sourceTree = "<group>"; };
		AEE540CF1C6E73DA00795C93 /* Info.plist */ = {isa = PBXFileReference; lastKnownFileType = text.plist.xml; path = Info.plist; sourceTree = "<group>"; };
/* End PBXFileReference section */

/* Begin PBXFrameworksBuildPhase section */
		AEE540BD1C6E73DA00795C93 /* Frameworks */ = {
			isa = PBXFrameworksBuildPhase;
			buildActionMask = 2147483647;
			files = (
			);
			runOnlyForDeploymentPostprocessing = 0;
		};
/* End PBXFrameworksBuildPhase section */

/* Begin PBXGroup section */
		AEE540B71C6E73DA00795C93 = {
			isa = PBXGroup;
			children = (
				AEE540C21C6E73DA00795C93 /* guessNumber */,
				AEE540C11C6E73DA00795C93 /* Products */,
			);
			sourceTree = "<group>";
		};
		AEE540C11C6E73DA00795C93 /* Products */ = {
			isa = PBXGroup;
			children = (
				AEE540C01C6E73DA00795C93 /* guessNumber.app */,
			);
			name = Products;
			sourceTree = "<group>";
		};
		AEE540C21C6E73DA00795C93 /* guessNumber */ = {
			isa = PBXGroup;
			children = (
				AEE540C31C6E73DA00795C93 /* AppDelegate.swift */,
				AEE540C51C6E73DA00795C93 /* ViewController.swift */,
				AEE540C71C6E73DA00795C93 /* Main.storyboard */,
				AEE540CA1C6E73DA00795C93 /* Assets.xcassets */,
				AEE540CC1C6E73DA00795C93 /* LaunchScreen.storyboard */,
				AEE540CF1C6E73DA00795C93 /* Info.plist */,
			);
			path = guessNumber;
			sourceTree = "<group>";
		};
/* End PBXGroup section */

/* Begin PBXNativeTarget section */
		AEE540BF1C6E73DA00795C93 /* guessNumber */ = {
			isa = PBXNativeTarget;
			buildConfigurationList = AEE540D21C6E73DA00795C93 /* Build configuration list for PBXNativeTarget "guessNumber" */;
			buildPhases = (
				AEE540BC1C6E73DA00795C93 /* Sources */,
				AEE540BD1C6E73DA00795C93 /* Frameworks */,
				AEE540BE1C6E73DA00795C93 /* Resources */,
			);
			buildRules = (
			);
			dependencies = (
			);
			name = guessNumber;
			productName = guessNumber;
			productReference = AEE540C01C6E73DA00795C93 /* guessNumber.app */;
			productType = "com.apple.product-type.application";
		};
/* End PBXNativeTarget section */

/* Begin PBXProject section */
		AEE540B81C6E73DA00795C93 /* Project object */ = {
			isa = PBXProject;
			attributes = {
				LastSwiftUpdateCheck = 0720;
				LastUpgradeCheck = 0720;
				ORGANIZATIONNAME = Duncan;
				TargetAttributes = {
					AEE540BF1C6E73DA00795C93 = {
						CreatedOnToolsVersion = 7.2.1;
						DevelopmentTeam = 39Z77Y8738;
					};
				};
			};
			buildConfigurationList = AEE540BB1C6E73DA00795C93 /* Build configuration list for PBXProject "guessNumber" */;
			compatibilityVersion = "Xcode 3.2";
			developmentRegion = English;
			hasScannedForEncodings = 0;
			knownRegions = (
				en,
				Base,
			);
			mainGroup = AEE540B71C6E73DA00795C93;
			productRefGroup = AEE540C11C6E73DA00795C93 /* Products */;
			projectDirPath = "";
			projectRoot = "";
			targets = (
				AEE540BF1C6E73DA00795C93 /* guessNumber */,
			);
		};
/* End PBXProject section */

/* Begin PBXResourcesBuildPhase section */
		AEE540BE1C6E73DA00795C93 /* Resources */ = {
			isa = PBXResourcesBuildPhase;
			buildActionMask = 2147483647;
			files = (
				AEE540CE1C6E73DA00795C93 /* LaunchScreen.storyboard in Resources */,
				AEE540CB1C6E73DA00795C93 /* Assets.xcassets in Resources */,
				AEE540C91C6E73DA00795C93 /* Main.storyboard in Resources */,
			);
			runOnlyForDeploymentPostprocessing = 0;
		};
/* End PBXResourcesBuildPhase section */

/* Begin PBXSourcesBuildPhase section */
		AEE540BC1C6E73DA00795C93 /* Sources */ = {
			isa = PBXSourcesBuildPhase;
			buildActionMask = 2147483647;
			files = (
				AEE540C61C6E73DA00795C93 /* ViewController.swift in Sources */,
				AEE540C41C6E73DA00795C93 /* AppDelegate.swift in Sources */,
			);
			runOnlyForDeploymentPostprocessing = 0;
		};
/* End PBXSourcesBuildPhase section */

/* Begin PBXVariantGroup section */
		AEE540C71C6E73DA00795C93 /* Main.storyboard */ = {
			isa = PBXVariantGroup;
			children = (
				AEE540C81C6E73DA00795C93 /* Base */,
			);
			name = Main.storyboard;
			sourceTree = "<group>";
		};
		AEE540CC1C6E73DA00795C93 /* LaunchScreen.storyboard */ = {
			isa = PBXVariantGroup;
			children = (
				AEE540CD1C6E73DA00795C93 /* Base */,
			);
			name = LaunchScreen.storyboard;
			sourceTree = "<group>";
		};
/* End PBXVariantGroup section */

/* Begin XCBuildConfiguration section */
		AEE540D01C6E73DA00795C93 /* Debug */ = {
			isa = XCBuildConfiguration;
			buildSettings = {
				ALWAYS_SEARCH_USER_PATHS = NO;
				CLANG_CXX_LANGUAGE_STANDARD = "gnu++0x";
				CLANG_CXX_LIBRARY = "libc++";
				CLANG_ENABLE_MODULES = YES;
				CLANG_ENABLE_OBJC_ARC = YES;
				CLANG_WARN_BOOL_CONVERSION = YES;
				CLANG_WARN_CONSTANT_CONVERSION = YES;
				CLANG_WARN_DIRECT_OBJC_ISA_USAGE = YES_ERROR;
				CLANG_WARN_EMPTY_BODY = YES;
				CLANG_WARN_ENUM_CONVERSION = YES;
				CLANG_WARN_INT_CONVERSION = YES;
				CLANG_WARN_OBJC_ROOT_CLASS = YES_ERROR;
				CLANG_WARN_UNREACHABLE_CODE = YES;
				CLANG_WARN__DUPLICATE_METHOD_MATCH = YES;
				"CODE_SIGN_IDENTITY[sdk=iphoneos*]" = "iPhone Developer";
				COPY_PHASE_STRIP = NO;
				DEBUG_INFORMATION_FORMAT = dwarf;
				ENABLE_STRICT_OBJC_MSGSEND = YES;
				ENABLE_TESTABILITY = YES;
				GCC_C_LANGUAGE_STANDARD = gnu99;
				GCC_DYNAMIC_NO_PIC = NO;
				GCC_NO_COMMON_BLOCKS = YES;
				GCC_OPTIMIZATION_LEVEL = 0;
				GCC_PREPROCESSOR_DEFINITIONS = (
					"DEBUG=1",
					"$(inherited)",
				);
				GCC_WARN_64_TO_32_BIT_CONVERSION = YES;
				GCC_WARN_ABOUT_RETURN_TYPE = YES_ERROR;
				GCC_WARN_UNDECLARED_SELECTOR = YES;
				GCC_WARN_UNINITIALIZED_AUTOS = YES_AGGRESSIVE;
				GCC_WARN_UNUSED_FUNCTION = YES;
				GCC_WARN_UNUSED_VARIABLE = YES;
				IPHONEOS_DEPLOYMENT_TARGET = 9.2;
				MTL_ENABLE_DEBUG_INFO = YES;
				ONLY_ACTIVE_ARCH = YES;
				SDKROOT = iphoneos;
				SWIFT_OPTIMIZATION_LEVEL = "-Onone";
				TARGETED_DEVICE_FAMILY = "1,2";
			};
			name = Debug;
		};
		AEE540D11C6E73DA00795C93 /* Release */ = {
			isa = XCBuildConfiguration;
			buildSettings = {
				ALWAYS_SEARCH_USER_PATHS = NO;
				CLANG_CXX_LANGUAGE_STANDARD = "gnu++0x";
				CLANG_CXX_LIBRARY = "libc++";
				CLANG_ENABLE_MODULES = YES;
				CLANG_ENABLE_OBJC_ARC = YES;
				CLANG_WARN_BOOL_CONVERSION = YES;
				CLANG_WARN_CONSTANT_CONVERSION = YES;
				CLANG_WARN_DIRECT_OBJC_ISA_USAGE = YES_ERROR;
				CLANG_WARN_EMPTY_BODY = YES;
				CLANG_WARN_ENUM_CONVERSION = YES;
				CLANG_WARN_INT_CONVERSION = YES;
				CLANG_WARN_OBJC_ROOT_CLASS = YES_ERROR;
				CLANG_WARN_UNREACHABLE_CODE = YES;
				CLANG_WARN__DUPLICATE_METHOD_MATCH = YES;
				"CODE_SIGN_IDENTITY[sdk=iphoneos*]" = "iPhone Developer";
				COPY_PHASE_STRIP = NO;
				DEBUG_INFORMATION_FORMAT = "dwarf-with-dsym";
				ENABLE_NS_ASSERTIONS = NO;
				ENABLE_STRICT_OBJC_MSGSEND = YES;
				GCC_C_LANGUAGE_STANDARD = gnu99;
				GCC_NO_COMMON_BLOCKS = YES;
				GCC_WARN_64_TO_32_BIT_CONVERSION = YES;
				GCC_WARN_ABOUT_RETURN_TYPE = YES_ERROR;
				GCC_WARN_UNDECLARED_SELECTOR = YES;
				GCC_WARN_UNINITIALIZED_AUTOS = YES_AGGRESSIVE;
				GCC_WARN_UNUSED_FUNCTION = YES;
				GCC_WARN_UNUSED_VARIABLE = YES;
				IPHONEOS_DEPLOYMENT_TARGET = 9.2;
				MTL_ENABLE_DEBUG_INFO = NO;
				SDKROOT = iphoneos;
				TARGETED_DEVICE_FAMILY = "1,2";
				VALIDATE_PRODUCT = YES;
			};
			name = Release;
		};
		AEE540D31C6E73DA00795C93 /* Debug */ = {
			isa = XCBuildConfiguration;
			buildSettings = {
				ASSETCATALOG_COMPILER_APPICON_NAME = AppIcon;
				CODE_SIGN_IDENTITY = "iPhone Developer";
				INFOPLIST_FILE = guessNumber/Info.plist;
				LD_RUNPATH_SEARCH_PATHS = "$(inherited) @executable_path/Frameworks";
				PRODUCT_BUNDLE_IDENTIFIER = tw.QRUU.guessNumber;
				PRODUCT_NAME = "$(TARGET_NAME)";
			};
			name = Debug;
		};
		AEE540D41C6E73DA00795C93 /* Release */ = {
			isa = XCBuildConfiguration;
			buildSettings = {
				ASSETCATALOG_COMPILER_APPICON_NAME = AppIcon;
				CODE_SIGN_IDENTITY = "iPhone Developer";
				INFOPLIST_FILE = guessNumber/Info.plist;
				LD_RUNPATH_SEARCH_PATHS = "$(inherited) @executable_path/Frameworks";
				PRODUCT_BUNDLE_IDENTIFIER = tw.QRUU.guessNumber;
				PRODUCT_NAME = "$(TARGET_NAME)";
			};
			name = Release;
		};
/* End XCBuildConfiguration section */

/* Begin XCConfigurationList section */
		AEE540BB1C6E73DA00795C93 /* Build configuration list for PBXProject "guessNumber" */ = {
			isa = XCConfigurationList;
			buildConfigurations = (
				AEE540D01C6E73DA00795C93 /* Debug */,
				AEE540D11C6E73DA00795C93 /* Release */,
			);
			defaultConfigurationIsVisible = 0;
			defaultConfigurationName = Release;
		};
		AEE540D21C6E73DA00795C93 /* Build configuration list for PBXNativeTarget "guessNumber" */ = {
			isa = XCConfigurationList;
			buildConfigurations = (
				AEE540D31C6E73DA00795C93 /* Debug */,
				AEE540D41C6E73DA00795C93 /* Release */,
			);
			defaultConfigurationIsVisible = 0;
			defaultConfigurationName = Release;
		};
/* End XCConfigurationList section */
	};
	rootObject = AEE540B81C6E73DA00795C93 /* Project object */;
}
